
Microsoft Visual Studio Solution File, Format Version 12.00
# Visual Studio Version 16
VisualStudioVersion = 16.0.29613.14
MinimumVisualStudioVersion = 10.0.40219.1
Project("{2150E333-8FDC-42A3-9474-1A3956D46DE8}") = "Web", "Web", "{7250562F-DB56-4BC0-BCDA-15E055798036}"
EndProject
Project("{2150E333-8FDC-42A3-9474-1A3956D46DE8}") = "Commands", "Commands", "{4EE83AFC-6C39-4729-B72B-3AA0AD6B1CBC}"
EndProject
Project("{2150E333-8FDC-42A3-9474-1A3956D46DE8}") = "Framework", "Framework", "{A4A2068D-F81E-450C-BFF8-A301B4BB9FC1}"
EndProject
Project("{2150E333-8FDC-42A3-9474-1A3956D46DE8}") = "Domain", "Domain", "{1EF39DE3-A425-4D62-97EC-D34C8B0B0670}"
EndProject
Project("{2150E333-8FDC-42A3-9474-1A3956D46DE8}") = "Repositories", "Repositories", "{B1046C5D-0474-4B5F-B841-E32B7CEECABB}"
EndProject
Project("{2150E333-8FDC-42A3-9474-1A3956D46DE8}") = "Tests", "Tests", "{06AA67C1-1358-4653-8937-904686C41183}"
EndProject
Project("{2150E333-8FDC-42A3-9474-1A3956D46DE8}") = "Queries", "Queries", "{A51314E4-9BB2-4EA9-A421-253116E939EB}"
EndProject
Project("{9A19103F-16F7-4668-BE54-9A1E7A4F7556}") = "Ecom.Domain.Entities", "Ecom.Domain.Entities\Ecom.Domain.Entities.csproj", "{7DFCAA72-82FF-403B-80E2-03A44CA57755}"
EndProject
Project("{9A19103F-16F7-4668-BE54-9A1E7A4F7556}") = "Ecom.WebApi", "Ecom.WebApi\Ecom.WebApi.csproj", "{ABDA0382-9CFF-4DF2-B6F9-0394D6A734F7}"
EndProject
Project("{9A19103F-16F7-4668-BE54-9A1E7A4F7556}") = "Ecom.Repositories", "Ecom.Repositories\Ecom.Repositories.csproj", "{F26E1736-AFC9-444D-8ED6-83CA974643CF}"
EndProject
Project("{9A19103F-16F7-4668-BE54-9A1E7A4F7556}") = "Ecom.Framework", "Ecom.Framework\Ecom.Framework.csproj", "{C4B2E336-3D45-4D79-B35E-C2E3D9CEED67}"
EndProject
Project("{9A19103F-16F7-4668-BE54-9A1E7A4F7556}") = "Ecom.DomainServices", "Ecom.DomainServices\Ecom.DomainServices.csproj", "{9E3ADFE4-3A73-4B17-9973-FF295B566B1B}"
EndProject
Project("{9A19103F-16F7-4668-BE54-9A1E7A4F7556}") = "Ecom.Commands", "Ecom.Commands\Ecom.Commands.csproj", "{5B0CF7E6-5AF9-4AD0-BAAA-9C829D2D45C4}"
EndProject
Project("{9A19103F-16F7-4668-BE54-9A1E7A4F7556}") = "Ecom.CommandHandlers", "Ecom.CommandHandlers\Ecom.CommandHandlers.csproj", "{9225A001-EB5A-4FAC-8C90-329462CD9ECB}"
EndProject
Project("{9A19103F-16F7-4668-BE54-9A1E7A4F7556}") = "Ecom.Queries", "Ecom.Queries\Ecom.Queries.csproj", "{AE27989F-73EB-45AF-91FA-C64D30E11A51}"
EndProject
Project("{9A19103F-16F7-4668-BE54-9A1E7A4F7556}") = "Ecom.QueryHandlers", "Ecom.QueryHandlers\Ecom.QueryHandlers.csproj", "{29EFF6DB-8C42-4136-B43D-5DB2875DAAE0}"
EndProject
Project("{9A19103F-16F7-4668-BE54-9A1E7A4F7556}") = "Ecom.Tests.Unit", "Ecom.Tests.Unit\Ecom.Tests.Unit.csproj", "{E71892FC-7318-45CC-9860-4033ED2E85F8}"
EndProject
Project("{9A19103F-16F7-4668-BE54-9A1E7A4F7556}") = "Ecom.Tests.Integration", "Ecom.Tests.Integration\Ecom.Tests.Integration.csproj", "{243852D9-8A6C-4317-BD46-F5735B39A6BA}"
EndProject
Project("{FAE04EC0-301F-11D3-BF4B-00C04F79EFBC}") = "Ecom.Framework.Tests.Unit", "Ecom.Framework.UnitTests\Ecom.Framework.Tests.Unit.csproj", "{7FB97DE0-B959-4142-8BA4-5D70E76FCBF4}"
EndProject
Global
	GlobalSection(SolutionConfigurationPlatforms) = preSolution
		Debug|Any CPU = Debug|Any CPU
		Release|Any CPU = Release|Any CPU
	EndGlobalSection
	GlobalSection(ProjectConfigurationPlatforms) = postSolution
		{7DFCAA72-82FF-403B-80E2-03A44CA57755}.Debug|Any CPU.ActiveCfg = Debug|Any CPU
		{7DFCAA72-82FF-403B-80E2-03A44CA57755}.Debug|Any CPU.Build.0 = Debug|Any CPU
		{7DFCAA72-82FF-403B-80E2-03A44CA57755}.Release|Any CPU.ActiveCfg = Release|Any CPU
		{7DFCAA72-82FF-403B-80E2-03A44CA57755}.Release|Any CPU.Build.0 = Release|Any CPU
		{ABDA0382-9CFF-4DF2-B6F9-0394D6A734F7}.Debug|Any CPU.ActiveCfg = Debug|Any CPU
		{ABDA0382-9CFF-4DF2-B6F9-0394D6A734F7}.Debug|Any CPU.Build.0 = Debug|Any CPU
		{ABDA0382-9CFF-4DF2-B6F9-0394D6A734F7}.Release|Any CPU.ActiveCfg = Release|Any CPU
		{ABDA0382-9CFF-4DF2-B6F9-0394D6A734F7}.Release|Any CPU.Build.0 = Release|Any CPU
		{F26E1736-AFC9-444D-8ED6-83CA974643CF}.Debug|Any CPU.ActiveCfg = Debug|Any CPU
		{F26E1736-AFC9-444D-8ED6-83CA974643CF}.Debug|Any CPU.Build.0 = Debug|Any CPU
		{F26E1736-AFC9-444D-8ED6-83CA974643CF}.Release|Any CPU.ActiveCfg = Release|Any CPU
		{F26E1736-AFC9-444D-8ED6-83CA974643CF}.Release|Any CPU.Build.0 = Release|Any CPU
		{C4B2E336-3D45-4D79-B35E-C2E3D9CEED67}.Debug|Any CPU.ActiveCfg = Debug|Any CPU
		{C4B2E336-3D45-4D79-B35E-C2E3D9CEED67}.Debug|Any CPU.Build.0 = Debug|Any CPU
		{C4B2E336-3D45-4D79-B35E-C2E3D9CEED67}.Release|Any CPU.ActiveCfg = Release|Any CPU
		{C4B2E336-3D45-4D79-B35E-C2E3D9CEED67}.Release|Any CPU.Build.0 = Release|Any CPU
		{9E3ADFE4-3A73-4B17-9973-FF295B566B1B}.Debug|Any CPU.ActiveCfg = Debug|Any CPU
		{9E3ADFE4-3A73-4B17-9973-FF295B566B1B}.Debug|Any CPU.Build.0 = Debug|Any CPU
		{9E3ADFE4-3A73-4B17-9973-FF295B566B1B}.Release|Any CPU.ActiveCfg = Release|Any CPU
		{9E3ADFE4-3A73-4B17-9973-FF295B566B1B}.Release|Any CPU.Build.0 = Release|Any CPU
		{5B0CF7E6-5AF9-4AD0-BAAA-9C829D2D45C4}.Debug|Any CPU.ActiveCfg = Debug|Any CPU
		{5B0CF7E6-5AF9-4AD0-BAAA-9C829D2D45C4}.Debug|Any CPU.Build.0 = Debug|Any CPU
		{5B0CF7E6-5AF9-4AD0-BAAA-9C829D2D45C4}.Release|Any CPU.ActiveCfg = Release|Any CPU
		{5B0CF7E6-5AF9-4AD0-BAAA-9C829D2D45C4}.Release|Any CPU.Build.0 = Release|Any CPU
		{9225A001-EB5A-4FAC-8C90-329462CD9ECB}.Debug|Any CPU.ActiveCfg = Debug|Any CPU
		{9225A001-EB5A-4FAC-8C90-329462CD9ECB}.Debug|Any CPU.Build.0 = Debug|Any CPU
		{9225A001-EB5A-4FAC-8C90-329462CD9ECB}.Release|Any CPU.ActiveCfg = Release|Any CPU
		{9225A001-EB5A-4FAC-8C90-329462CD9ECB}.Release|Any CPU.Build.0 = Release|Any CPU
		{AE27989F-73EB-45AF-91FA-C64D30E11A51}.Debug|Any CPU.ActiveCfg = Debug|Any CPU
		{AE27989F-73EB-45AF-91FA-C64D30E11A51}.Debug|Any CPU.Build.0 = Debug|Any CPU
		{AE27989F-73EB-45AF-91FA-C64D30E11A51}.Release|Any CPU.ActiveCfg = Release|Any CPU
		{AE27989F-73EB-45AF-91FA-C64D30E11A51}.Release|Any CPU.Build.0 = Release|Any CPU
		{29EFF6DB-8C42-4136-B43D-5DB2875DAAE0}.Debug|Any CPU.ActiveCfg = Debug|Any CPU
		{29EFF6DB-8C42-4136-B43D-5DB2875DAAE0}.Debug|Any CPU.Build.0 = Debug|Any CPU
		{29EFF6DB-8C42-4136-B43D-5DB2875DAAE0}.Release|Any CPU.ActiveCfg = Release|Any CPU
		{29EFF6DB-8C42-4136-B43D-5DB2875DAAE0}.Release|Any CPU.Build.0 = Release|Any CPU
		{E71892FC-7318-45CC-9860-4033ED2E85F8}.Debug|Any CPU.ActiveCfg = Debug|Any CPU
		{E71892FC-7318-45CC-9860-4033ED2E85F8}.Debug|Any CPU.Build.0 = Debug|Any CPU
		{E71892FC-7318-45CC-9860-4033ED2E85F8}.Release|Any CPU.ActiveCfg = Release|Any CPU
		{E71892FC-7318-45CC-9860-4033ED2E85F8}.Release|Any CPU.Build.0 = Release|Any CPU
		{243852D9-8A6C-4317-BD46-F5735B39A6BA}.Debug|Any CPU.ActiveCfg = Debug|Any CPU
		{243852D9-8A6C-4317-BD46-F5735B39A6BA}.Debug|Any CPU.Build.0 = Debug|Any CPU
		{243852D9-8A6C-4317-BD46-F5735B39A6BA}.Release|Any CPU.ActiveCfg = Release|Any CPU
		{243852D9-8A6C-4317-BD46-F5735B39A6BA}.Release|Any CPU.Build.0 = Release|Any CPU
		{7FB97DE0-B959-4142-8BA4-5D70E76FCBF4}.Debug|Any CPU.ActiveCfg = Debug|Any CPU
		{7FB97DE0-B959-4142-8BA4-5D70E76FCBF4}.Debug|Any CPU.Build.0 = Debug|Any CPU
		{7FB97DE0-B959-4142-8BA4-5D70E76FCBF4}.Release|Any CPU.ActiveCfg = Release|Any CPU
		{7FB97DE0-B959-4142-8BA4-5D70E76FCBF4}.Release|Any CPU.Build.0 = Release|Any CPU
	EndGlobalSection
	GlobalSection(SolutionProperties) = preSolution
		HideSolutionNode = FALSE
	EndGlobalSection
	GlobalSection(NestedProjects) = preSolution
		{7DFCAA72-82FF-403B-80E2-03A44CA57755} = {1EF39DE3-A425-4D62-97EC-D34C8B0B0670}
		{ABDA0382-9CFF-4DF2-B6F9-0394D6A734F7} = {7250562F-DB56-4BC0-BCDA-15E055798036}
		{F26E1736-AFC9-444D-8ED6-83CA974643CF} = {B1046C5D-0474-4B5F-B841-E32B7CEECABB}
		{C4B2E336-3D45-4D79-B35E-C2E3D9CEED67} = {A4A2068D-F81E-450C-BFF8-A301B4BB9FC1}
		{9E3ADFE4-3A73-4B17-9973-FF295B566B1B} = {1EF39DE3-A425-4D62-97EC-D34C8B0B0670}
		{5B0CF7E6-5AF9-4AD0-BAAA-9C829D2D45C4} = {4EE83AFC-6C39-4729-B72B-3AA0AD6B1CBC}
		{9225A001-EB5A-4FAC-8C90-329462CD9ECB} = {4EE83AFC-6C39-4729-B72B-3AA0AD6B1CBC}
		{AE27989F-73EB-45AF-91FA-C64D30E11A51} = {A51314E4-9BB2-4EA9-A421-253116E939EB}
		{29EFF6DB-8C42-4136-B43D-5DB2875DAAE0} = {A51314E4-9BB2-4EA9-A421-253116E939EB}
		{E71892FC-7318-45CC-9860-4033ED2E85F8} = {06AA67C1-1358-4653-8937-904686C41183}
		{243852D9-8A6C-4317-BD46-F5735B39A6BA} = {06AA67C1-1358-4653-8937-904686C41183}
		{7FB97DE0-B959-4142-8BA4-5D70E76FCBF4} = {06AA67C1-1358-4653-8937-904686C41183}
	EndGlobalSection
	GlobalSection(ExtensibilityGlobals) = postSolution
		SolutionGuid = {90032F2D-FDF9-44A6-A61A-8F0770C7B761}
	EndGlobalSection
EndGlobal
